<?xml version="1.0" encoding="utf-8"?>
<Project ToolsVersion="4.0" xmlns="http://schemas.microsoft.com/developer/msbuild/2003">
  <ItemGroup>
    <ClCompile Include="src\main.cpp" />
    <ClCompile Include="src\common\Axis.cpp">
      <Filter>common</Filter>
    </ClCompile>
    <ClCompile Include="src\common\Grid.cpp">
      <Filter>common</Filter>
    </ClCompile>
    <ClCompile Include="src\common\HeightmapTerrain.cpp">
      <Filter>common</Filter>
    </ClCompile>
    <ClCompile Include="src\common\Transform.cpp">
      <Filter>common</Filter>
    </ClCompile>
    <ClCompile Include="src\common\ShaderPresets.cpp">
      <Filter>common</Filter>
    </ClCompile>
    <ClCompile Include="src\common\Model.cpp">
      <Filter>common</Filter>
    </ClCompile>
    <ClCompile Include="src\demos\dynvb\OpenCloth.cpp">
      <Filter>demos\dynvb</Filter>
    </ClCompile>
    <ClCompile Include="src\demos\dynvb\DynamicVertexBufferDemo.cpp">
      <Filter>demos\dynvb</Filter>
    </ClCompile>
    <ClCompile Include="src\demos\terrain\TerrainDemo.cpp">
      <Filter>demos\terrain</Filter>
    </ClCompile>
    <ClCompile Include="src\demos\sprites\SpritesDemo.cpp">
      <Filter>demos\sprites</Filter>
    </ClCompile>
    <ClCompile Include="src\demos\sprites\SpriteBatch.cpp">
      <Filter>demos\sprites</Filter>
    </ClCompile>
    <ClCompile Include="src\demos\sprites\DynamicGrid.cpp">
      <Filter>demos\sprites</Filter>
    </ClCompile>
    <ClCompile Include="src\demos\sprites\PlayerShip.cpp">
      <Filter>demos\sprites</Filter>
    </ClCompile>
    <ClCompile Include="src\demos\sprites\Bullet.cpp">
      <Filter>demos\sprites</Filter>
    </ClCompile>
    <ClCompile Include="src\demos\sprites\Entity.cpp">
      <Filter>demos\sprites</Filter>
    </ClCompile>
    <ClCompile Include="src\demos\sprites\Enemy.cpp">
      <Filter>demos\sprites</Filter>
    </ClCompile>
    <ClCompile Include="src\demos\sprites\IParticleSystem.cpp">
      <Filter>demos\sprites\particles</Filter>
    </ClCompile>
    <ClCompile Include="src\demos\sprites\TestParticleSystem.cpp">
      <Filter>demos\sprites\particles</Filter>
    </ClCompile>
    <ClCompile Include="src\demos\sprites\BMGrid.cpp">
      <Filter>demos\sprites</Filter>
    </ClCompile>
    <ClCompile Include="src\framework\Game.cpp">
      <Filter>framework</Filter>
    </ClCompile>
    <ClCompile Include="src\demos\refract\RefractDemo.cpp">
      <Filter>demos\refract</Filter>
    </ClCompile>
    <ClCompile Include="src\demos\clipping\ClippingDemo.cpp">
      <Filter>demos\clipping</Filter>
    </ClCompile>
    <ClCompile Include="src\common\GeometricPlane.cpp">
      <Filter>common</Filter>
    </ClCompile>
    <ClCompile Include="src\demos\clipping\ClipMesh.cpp">
      <Filter>demos\clipping</Filter>
    </ClCompile>
    <ClCompile Include="src\demos\parallax\ParallaxDemo.cpp">
      <Filter>demos\parallax</Filter>
    </ClCompile>
  </ItemGroup>
  <ItemGroup>
    <Filter Include="common">
      <UniqueIdentifier>{325888c2-77b8-45a2-a55c-08338435af3a}</UniqueIdentifier>
    </Filter>
    <Filter Include="demos">
      <UniqueIdentifier>{448862ea-d532-4cad-9888-b544bfad5ce8}</UniqueIdentifier>
    </Filter>
    <Filter Include="demos\dynvb">
      <UniqueIdentifier>{f476f280-917f-4b30-95a6-a9498bb99459}</UniqueIdentifier>
    </Filter>
    <Filter Include="demos\terrain">
      <UniqueIdentifier>{3f6d2871-1705-42af-b5f2-3ee8cb48c1d4}</UniqueIdentifier>
    </Filter>
    <Filter Include="demos\sprites">
      <UniqueIdentifier>{a38785e1-2cf9-49af-a023-330851920245}</UniqueIdentifier>
    </Filter>
    <Filter Include="demos\sprites\particles">
      <UniqueIdentifier>{e092ebe2-8326-4e3a-bd81-1ab18e70d3b9}</UniqueIdentifier>
    </Filter>
    <Filter Include="demos\deferred">
      <UniqueIdentifier>{9af89ecd-c1b6-4a06-9dc0-4bf36dee413b}</UniqueIdentifier>
    </Filter>
    <Filter Include="framework">
      <UniqueIdentifier>{55e961ed-0bef-4f64-acf7-d333255a2984}</UniqueIdentifier>
    </Filter>
    <Filter Include="demos\refract">
      <UniqueIdentifier>{2de98518-acd6-4f7c-ac5f-57dd3d102d97}</UniqueIdentifier>
    </Filter>
    <Filter Include="demos\clipping">
      <UniqueIdentifier>{2ef025e2-8ea6-46f4-804a-004773516ae9}</UniqueIdentifier>
    </Filter>
    <Filter Include="demos\parallax">
      <UniqueIdentifier>{87387e10-a472-4ed5-8739-20aefac7d2b7}</UniqueIdentifier>
    </Filter>
  </ItemGroup>
  <ItemGroup>
    <ClInclude Include="src\common\Axis.hpp">
      <Filter>common</Filter>
    </ClInclude>
    <ClInclude Include="src\common\Grid.hpp">
      <Filter>common</Filter>
    </ClInclude>
    <ClInclude Include="src\common\HeightmapTerrain.hpp">
      <Filter>common</Filter>
    </ClInclude>
    <ClInclude Include="src\common\Transform.hpp">
      <Filter>common</Filter>
    </ClInclude>
    <ClInclude Include="src\common\Vertex.hpp">
      <Filter>common</Filter>
    </ClInclude>
    <ClInclude Include="src\common\ShaderPresets.hpp">
      <Filter>common</Filter>
    </ClInclude>
    <ClInclude Include="src\common\Model.hpp">
      <Filter>common</Filter>
    </ClInclude>
    <ClInclude Include="src\common\ModelGen.hpp">
      <Filter>common</Filter>
    </ClInclude>
    <ClInclude Include="src\demos\dynvb\OpenCloth.hpp">
      <Filter>demos\dynvb</Filter>
    </ClInclude>
    <ClInclude Include="src\demos\dynvb\DynamicVertexBufferDemo.hpp">
      <Filter>demos\dynvb</Filter>
    </ClInclude>
    <ClInclude Include="src\demos\terrain\TerrainDemo.hpp">
      <Filter>demos\terrain</Filter>
    </ClInclude>
    <ClInclude Include="src\demos\sprites\SpritesDemo.hpp">
      <Filter>demos\sprites</Filter>
    </ClInclude>
    <ClInclude Include="src\demos\sprites\SpriteBatch.hpp">
      <Filter>demos\sprites</Filter>
    </ClInclude>
    <ClInclude Include="src\demos\sprites\SpriteVertex.hpp">
      <Filter>demos\sprites</Filter>
    </ClInclude>
    <ClInclude Include="src\demos\sprites\SpriteBatchItem.hpp">
      <Filter>demos\sprites</Filter>
    </ClInclude>
    <ClInclude Include="src\demos\sprites\DynamicGrid.hpp">
      <Filter>demos\sprites</Filter>
    </ClInclude>
    <ClInclude Include="src\demos\sprites\PlayerShip.hpp">
      <Filter>demos\sprites</Filter>
    </ClInclude>
    <ClInclude Include="src\demos\sprites\Bullet.hpp">
      <Filter>demos\sprites</Filter>
    </ClInclude>
    <ClInclude Include="src\demos\sprites\Entity.hpp">
      <Filter>demos\sprites</Filter>
    </ClInclude>
    <ClInclude Include="src\demos\sprites\Enemy.hpp">
      <Filter>demos\sprites</Filter>
    </ClInclude>
    <ClInclude Include="src\demos\sprites\MathHelper.hpp">
      <Filter>demos\sprites</Filter>
    </ClInclude>
    <ClInclude Include="src\demos\sprites\Particle.hpp">
      <Filter>demos\sprites\particles</Filter>
    </ClInclude>
    <ClInclude Include="src\demos\sprites\IParticleSystem.hpp">
      <Filter>demos\sprites\particles</Filter>
    </ClInclude>
    <ClInclude Include="src\demos\sprites\TestParticleSystem.hpp">
      <Filter>demos\sprites\particles</Filter>
    </ClInclude>
    <ClInclude Include="src\demos\sprites\BMGrid.hpp">
      <Filter>demos\sprites</Filter>
    </ClInclude>
    <ClInclude Include="src\framework\Game.hpp">
      <Filter>framework</Filter>
    </ClInclude>
    <ClInclude Include="src\demos\refract\RefractDemo.hpp">
      <Filter>demos\refract</Filter>
    </ClInclude>
    <ClInclude Include="src\demos\clipping\ClippingDemo.hpp">
      <Filter>demos\clipping</Filter>
    </ClInclude>
    <ClInclude Include="src\demos\clipping\Plane.hpp">
      <Filter>demos\clipping</Filter>
    </ClInclude>
    <ClInclude Include="src\common\GeometricPlane.hpp">
      <Filter>common</Filter>
    </ClInclude>
    <ClInclude Include="src\demos\clipping\ClipMesh.hpp">
      <Filter>demos\clipping</Filter>
    </ClInclude>
    <ClInclude Include="src\demos\parallax\ParallaxDemo.hpp">
      <Filter>demos\parallax</Filter>
    </ClInclude>
    <ClInclude Include="src\common\Leb128.hpp">
      <Filter>common</Filter>
    </ClInclude>
  </ItemGroup>
</Project>