
Microsoft Visual Studio Solution File, Format Version 12.00
# Visual Studio 14
VisualStudioVersion = 14.0.23107.0
MinimumVisualStudioVersion = 10.0.40219.1
Project("{8BC9CEB8-8B4A-11D0-8D11-00A0C91BC942}") = "ciri", "ciri\ciri.vcxproj", "{C4E0B3DE-6F85-41E4-878A-44AAE30B85BB}"
	ProjectSection(ProjectDependencies) = postProject
		{4670D815-4C27-4609-90E2-A66525CE95A0} = {4670D815-4C27-4609-90E2-A66525CE95A0}
		{B0D8CA3B-3B77-48BA-9B19-5020DE03FAAD} = {B0D8CA3B-3B77-48BA-9B19-5020DE03FAAD}
		{9EE86B4A-991B-4D5C-98E7-42C9A9E8B816} = {9EE86B4A-991B-4D5C-98E7-42C9A9E8B816}
		{57F05552-01F6-44F0-9610-FAAFBE43076A} = {57F05552-01F6-44F0-9610-FAAFBE43076A}
		{C2192FE8-F988-4EBE-8BBE-3D2FE750DC79} = {C2192FE8-F988-4EBE-8BBE-3D2FE750DC79}
	EndProjectSection
EndProject
Project("{8BC9CEB8-8B4A-11D0-8D11-00A0C91BC942}") = "wnd_win", "wnd_win\wnd_win.vcxproj", "{57F05552-01F6-44F0-9610-FAAFBE43076A}"
EndProject
Project("{8BC9CEB8-8B4A-11D0-8D11-00A0C91BC942}") = "core_win", "core_win\core_win.vcxproj", "{9EE86B4A-991B-4D5C-98E7-42C9A9E8B816}"
EndProject
Project("{8BC9CEB8-8B4A-11D0-8D11-00A0C91BC942}") = "input_win", "input_win\input_win.vcxproj", "{4670D815-4C27-4609-90E2-A66525CE95A0}"
	ProjectSection(ProjectDependencies) = postProject
		{57F05552-01F6-44F0-9610-FAAFBE43076A} = {57F05552-01F6-44F0-9610-FAAFBE43076A}
	EndProjectSection
EndProject
Project("{8BC9CEB8-8B4A-11D0-8D11-00A0C91BC942}") = "gfx_gl_win", "gfx_gl_win\gfx_gl_win.vcxproj", "{B0D8CA3B-3B77-48BA-9B19-5020DE03FAAD}"
	ProjectSection(ProjectDependencies) = postProject
		{9EE86B4A-991B-4D5C-98E7-42C9A9E8B816} = {9EE86B4A-991B-4D5C-98E7-42C9A9E8B816}
	EndProjectSection
EndProject
Project("{8BC9CEB8-8B4A-11D0-8D11-00A0C91BC942}") = "gfx_dx_win", "gfx_dx_win\gfx_dx_win.vcxproj", "{C2192FE8-F988-4EBE-8BBE-3D2FE750DC79}"
	ProjectSection(ProjectDependencies) = postProject
		{9EE86B4A-991B-4D5C-98E7-42C9A9E8B816} = {9EE86B4A-991B-4D5C-98E7-42C9A9E8B816}
	EndProjectSection
EndProject
Global
	GlobalSection(SolutionConfigurationPlatforms) = preSolution
		Debug DX|x86 = Debug DX|x86
		Debug GL|x86 = Debug GL|x86
		Release DX|x86 = Release DX|x86
		Release GL|x86 = Release GL|x86
	EndGlobalSection
	GlobalSection(ProjectConfigurationPlatforms) = postSolution
		{C4E0B3DE-6F85-41E4-878A-44AAE30B85BB}.Debug DX|x86.ActiveCfg = Debug|Win32
		{C4E0B3DE-6F85-41E4-878A-44AAE30B85BB}.Debug DX|x86.Build.0 = Debug|Win32
		{C4E0B3DE-6F85-41E4-878A-44AAE30B85BB}.Debug GL|x86.ActiveCfg = Debug|Win32
		{C4E0B3DE-6F85-41E4-878A-44AAE30B85BB}.Debug GL|x86.Build.0 = Debug|Win32
		{C4E0B3DE-6F85-41E4-878A-44AAE30B85BB}.Release DX|x86.ActiveCfg = Release|Win32
		{C4E0B3DE-6F85-41E4-878A-44AAE30B85BB}.Release DX|x86.Build.0 = Release|Win32
		{C4E0B3DE-6F85-41E4-878A-44AAE30B85BB}.Release GL|x86.ActiveCfg = Release|Win32
		{C4E0B3DE-6F85-41E4-878A-44AAE30B85BB}.Release GL|x86.Build.0 = Release|Win32
		{57F05552-01F6-44F0-9610-FAAFBE43076A}.Debug DX|x86.ActiveCfg = Debug|Win32
		{57F05552-01F6-44F0-9610-FAAFBE43076A}.Debug DX|x86.Build.0 = Debug|Win32
		{57F05552-01F6-44F0-9610-FAAFBE43076A}.Debug GL|x86.ActiveCfg = Debug|Win32
		{57F05552-01F6-44F0-9610-FAAFBE43076A}.Debug GL|x86.Build.0 = Debug|Win32
		{57F05552-01F6-44F0-9610-FAAFBE43076A}.Release DX|x86.ActiveCfg = Release|Win32
		{57F05552-01F6-44F0-9610-FAAFBE43076A}.Release DX|x86.Build.0 = Release|Win32
		{57F05552-01F6-44F0-9610-FAAFBE43076A}.Release GL|x86.ActiveCfg = Release|Win32
		{57F05552-01F6-44F0-9610-FAAFBE43076A}.Release GL|x86.Build.0 = Release|Win32
		{9EE86B4A-991B-4D5C-98E7-42C9A9E8B816}.Debug DX|x86.ActiveCfg = Debug|Win32
		{9EE86B4A-991B-4D5C-98E7-42C9A9E8B816}.Debug DX|x86.Build.0 = Debug|Win32
		{9EE86B4A-991B-4D5C-98E7-42C9A9E8B816}.Debug GL|x86.ActiveCfg = Debug|Win32
		{9EE86B4A-991B-4D5C-98E7-42C9A9E8B816}.Debug GL|x86.Build.0 = Debug|Win32
		{9EE86B4A-991B-4D5C-98E7-42C9A9E8B816}.Release DX|x86.ActiveCfg = Release|Win32
		{9EE86B4A-991B-4D5C-98E7-42C9A9E8B816}.Release DX|x86.Build.0 = Release|Win32
		{9EE86B4A-991B-4D5C-98E7-42C9A9E8B816}.Release GL|x86.ActiveCfg = Release|Win32
		{9EE86B4A-991B-4D5C-98E7-42C9A9E8B816}.Release GL|x86.Build.0 = Release|Win32
		{4670D815-4C27-4609-90E2-A66525CE95A0}.Debug DX|x86.ActiveCfg = Debug|Win32
		{4670D815-4C27-4609-90E2-A66525CE95A0}.Debug DX|x86.Build.0 = Debug|Win32
		{4670D815-4C27-4609-90E2-A66525CE95A0}.Debug GL|x86.ActiveCfg = Debug|Win32
		{4670D815-4C27-4609-90E2-A66525CE95A0}.Debug GL|x86.Build.0 = Debug|Win32
		{4670D815-4C27-4609-90E2-A66525CE95A0}.Release DX|x86.ActiveCfg = Release|Win32
		{4670D815-4C27-4609-90E2-A66525CE95A0}.Release DX|x86.Build.0 = Release|Win32
		{4670D815-4C27-4609-90E2-A66525CE95A0}.Release GL|x86.ActiveCfg = Release|Win32
		{4670D815-4C27-4609-90E2-A66525CE95A0}.Release GL|x86.Build.0 = Release|Win32
		{B0D8CA3B-3B77-48BA-9B19-5020DE03FAAD}.Debug DX|x86.ActiveCfg = Debug|Win32
		{B0D8CA3B-3B77-48BA-9B19-5020DE03FAAD}.Debug GL|x86.ActiveCfg = Debug|Win32
		{B0D8CA3B-3B77-48BA-9B19-5020DE03FAAD}.Debug GL|x86.Build.0 = Debug|Win32
		{B0D8CA3B-3B77-48BA-9B19-5020DE03FAAD}.Release DX|x86.ActiveCfg = Release|Win32
		{B0D8CA3B-3B77-48BA-9B19-5020DE03FAAD}.Release GL|x86.ActiveCfg = Release|Win32
		{B0D8CA3B-3B77-48BA-9B19-5020DE03FAAD}.Release GL|x86.Build.0 = Release|Win32
		{C2192FE8-F988-4EBE-8BBE-3D2FE750DC79}.Debug DX|x86.ActiveCfg = Debug|Win32
		{C2192FE8-F988-4EBE-8BBE-3D2FE750DC79}.Debug DX|x86.Build.0 = Debug|Win32
		{C2192FE8-F988-4EBE-8BBE-3D2FE750DC79}.Debug GL|x86.ActiveCfg = Debug|Win32
		{C2192FE8-F988-4EBE-8BBE-3D2FE750DC79}.Release DX|x86.ActiveCfg = Release|Win32
		{C2192FE8-F988-4EBE-8BBE-3D2FE750DC79}.Release DX|x86.Build.0 = Release|Win32
		{C2192FE8-F988-4EBE-8BBE-3D2FE750DC79}.Release GL|x86.ActiveCfg = Release|Win32
	EndGlobalSection
	GlobalSection(SolutionProperties) = preSolution
		HideSolutionNode = FALSE
	EndGlobalSection
EndGlobal
