
Microsoft Visual Studio Solution File, Format Version 12.00
# Visual Studio 14
VisualStudioVersion = 14.0.25123.0
MinimumVisualStudioVersion = 10.0.40219.1
Project("{8BC9CEB8-8B4A-11D0-8D11-00A0C91BC942}") = "ciri_core", "ciri_core\ciri_core.vcxproj", "{F558C293-A24D-4C1F-A0BF-CEAAE0A8A064}"
EndProject
Project("{8BC9CEB8-8B4A-11D0-8D11-00A0C91BC942}") = "ciri_graphics_gl", "ciri_graphics_gl\ciri_graphics_gl.vcxproj", "{DD675209-E6DA-4CEB-8CE6-47F2BF3208A9}"
	ProjectSection(ProjectDependencies) = postProject
		{F558C293-A24D-4C1F-A0BF-CEAAE0A8A064} = {F558C293-A24D-4C1F-A0BF-CEAAE0A8A064}
	EndProjectSection
EndProject
Project("{8BC9CEB8-8B4A-11D0-8D11-00A0C91BC942}") = "ciri_graphics_dx11", "ciri_graphics_dx11\ciri_graphics_dx11.vcxproj", "{2B19FB60-80B8-4EDE-B03E-393EA5F2E454}"
	ProjectSection(ProjectDependencies) = postProject
		{F558C293-A24D-4C1F-A0BF-CEAAE0A8A064} = {F558C293-A24D-4C1F-A0BF-CEAAE0A8A064}
	EndProjectSection
EndProject
Project("{8BC9CEB8-8B4A-11D0-8D11-00A0C91BC942}") = "ciri_game", "ciri_game\ciri_game.vcxproj", "{22BC14EC-3670-46C1-8535-3CDFB16DA6D1}"
EndProject
Global
	GlobalSection(SolutionConfigurationPlatforms) = preSolution
		DX11 Debug|x64 = DX11 Debug|x64
		DX11 Debug|x86 = DX11 Debug|x86
		DX11|x64 = DX11|x64
		DX11|x86 = DX11|x86
		GL Debug|x64 = GL Debug|x64
		GL Debug|x86 = GL Debug|x86
		GL|x64 = GL|x64
		GL|x86 = GL|x86
	EndGlobalSection
	GlobalSection(ProjectConfigurationPlatforms) = postSolution
		{F558C293-A24D-4C1F-A0BF-CEAAE0A8A064}.DX11 Debug|x64.ActiveCfg = Release|Win32
		{F558C293-A24D-4C1F-A0BF-CEAAE0A8A064}.DX11 Debug|x64.Build.0 = Release|Win32
		{F558C293-A24D-4C1F-A0BF-CEAAE0A8A064}.DX11 Debug|x86.ActiveCfg = Debug|Win32
		{F558C293-A24D-4C1F-A0BF-CEAAE0A8A064}.DX11 Debug|x86.Build.0 = Debug|Win32
		{F558C293-A24D-4C1F-A0BF-CEAAE0A8A064}.DX11|x64.ActiveCfg = Release|Win32
		{F558C293-A24D-4C1F-A0BF-CEAAE0A8A064}.DX11|x64.Build.0 = Release|Win32
		{F558C293-A24D-4C1F-A0BF-CEAAE0A8A064}.DX11|x86.ActiveCfg = Release|Win32
		{F558C293-A24D-4C1F-A0BF-CEAAE0A8A064}.DX11|x86.Build.0 = Release|Win32
		{F558C293-A24D-4C1F-A0BF-CEAAE0A8A064}.GL Debug|x64.ActiveCfg = Release|Win32
		{F558C293-A24D-4C1F-A0BF-CEAAE0A8A064}.GL Debug|x64.Build.0 = Release|Win32
		{F558C293-A24D-4C1F-A0BF-CEAAE0A8A064}.GL Debug|x86.ActiveCfg = Debug|Win32
		{F558C293-A24D-4C1F-A0BF-CEAAE0A8A064}.GL Debug|x86.Build.0 = Debug|Win32
		{F558C293-A24D-4C1F-A0BF-CEAAE0A8A064}.GL|x64.ActiveCfg = Release|Win32
		{F558C293-A24D-4C1F-A0BF-CEAAE0A8A064}.GL|x64.Build.0 = Release|Win32
		{F558C293-A24D-4C1F-A0BF-CEAAE0A8A064}.GL|x86.ActiveCfg = Release|Win32
		{F558C293-A24D-4C1F-A0BF-CEAAE0A8A064}.GL|x86.Build.0 = Release|Win32
		{DD675209-E6DA-4CEB-8CE6-47F2BF3208A9}.DX11 Debug|x64.ActiveCfg = Release|Win32
		{DD675209-E6DA-4CEB-8CE6-47F2BF3208A9}.DX11 Debug|x64.Build.0 = Release|Win32
		{DD675209-E6DA-4CEB-8CE6-47F2BF3208A9}.DX11 Debug|x86.ActiveCfg = Debug|Win32
		{DD675209-E6DA-4CEB-8CE6-47F2BF3208A9}.DX11|x64.ActiveCfg = Release|Win32
		{DD675209-E6DA-4CEB-8CE6-47F2BF3208A9}.DX11|x64.Build.0 = Release|Win32
		{DD675209-E6DA-4CEB-8CE6-47F2BF3208A9}.DX11|x86.ActiveCfg = Release|Win32
		{DD675209-E6DA-4CEB-8CE6-47F2BF3208A9}.GL Debug|x64.ActiveCfg = Release|Win32
		{DD675209-E6DA-4CEB-8CE6-47F2BF3208A9}.GL Debug|x64.Build.0 = Release|Win32
		{DD675209-E6DA-4CEB-8CE6-47F2BF3208A9}.GL Debug|x86.ActiveCfg = Debug|Win32
		{DD675209-E6DA-4CEB-8CE6-47F2BF3208A9}.GL Debug|x86.Build.0 = Debug|Win32
		{DD675209-E6DA-4CEB-8CE6-47F2BF3208A9}.GL|x64.ActiveCfg = Release|Win32
		{DD675209-E6DA-4CEB-8CE6-47F2BF3208A9}.GL|x64.Build.0 = Release|Win32
		{DD675209-E6DA-4CEB-8CE6-47F2BF3208A9}.GL|x86.ActiveCfg = Release|Win32
		{DD675209-E6DA-4CEB-8CE6-47F2BF3208A9}.GL|x86.Build.0 = Release|Win32
		{2B19FB60-80B8-4EDE-B03E-393EA5F2E454}.DX11 Debug|x64.ActiveCfg = Release|Win32
		{2B19FB60-80B8-4EDE-B03E-393EA5F2E454}.DX11 Debug|x64.Build.0 = Release|Win32
		{2B19FB60-80B8-4EDE-B03E-393EA5F2E454}.DX11 Debug|x86.ActiveCfg = Debug|Win32
		{2B19FB60-80B8-4EDE-B03E-393EA5F2E454}.DX11 Debug|x86.Build.0 = Debug|Win32
		{2B19FB60-80B8-4EDE-B03E-393EA5F2E454}.DX11|x64.ActiveCfg = Release|Win32
		{2B19FB60-80B8-4EDE-B03E-393EA5F2E454}.DX11|x64.Build.0 = Release|Win32
		{2B19FB60-80B8-4EDE-B03E-393EA5F2E454}.DX11|x86.ActiveCfg = Release|Win32
		{2B19FB60-80B8-4EDE-B03E-393EA5F2E454}.DX11|x86.Build.0 = Release|Win32
		{2B19FB60-80B8-4EDE-B03E-393EA5F2E454}.GL Debug|x64.ActiveCfg = Release|Win32
		{2B19FB60-80B8-4EDE-B03E-393EA5F2E454}.GL Debug|x64.Build.0 = Release|Win32
		{2B19FB60-80B8-4EDE-B03E-393EA5F2E454}.GL Debug|x86.ActiveCfg = Debug|Win32
		{2B19FB60-80B8-4EDE-B03E-393EA5F2E454}.GL|x64.ActiveCfg = Release|Win32
		{2B19FB60-80B8-4EDE-B03E-393EA5F2E454}.GL|x64.Build.0 = Release|Win32
		{2B19FB60-80B8-4EDE-B03E-393EA5F2E454}.GL|x86.ActiveCfg = Release|Win32
		{22BC14EC-3670-46C1-8535-3CDFB16DA6D1}.DX11 Debug|x64.ActiveCfg = Debug|x64
		{22BC14EC-3670-46C1-8535-3CDFB16DA6D1}.DX11 Debug|x64.Build.0 = Debug|x64
		{22BC14EC-3670-46C1-8535-3CDFB16DA6D1}.DX11 Debug|x86.ActiveCfg = Debug|Win32
		{22BC14EC-3670-46C1-8535-3CDFB16DA6D1}.DX11 Debug|x86.Build.0 = Debug|Win32
		{22BC14EC-3670-46C1-8535-3CDFB16DA6D1}.DX11|x64.ActiveCfg = Debug|x64
		{22BC14EC-3670-46C1-8535-3CDFB16DA6D1}.DX11|x64.Build.0 = Debug|x64
		{22BC14EC-3670-46C1-8535-3CDFB16DA6D1}.DX11|x86.ActiveCfg = Debug|Win32
		{22BC14EC-3670-46C1-8535-3CDFB16DA6D1}.DX11|x86.Build.0 = Debug|Win32
		{22BC14EC-3670-46C1-8535-3CDFB16DA6D1}.GL Debug|x64.ActiveCfg = Debug|x64
		{22BC14EC-3670-46C1-8535-3CDFB16DA6D1}.GL Debug|x64.Build.0 = Debug|x64
		{22BC14EC-3670-46C1-8535-3CDFB16DA6D1}.GL Debug|x86.ActiveCfg = Debug|Win32
		{22BC14EC-3670-46C1-8535-3CDFB16DA6D1}.GL Debug|x86.Build.0 = Debug|Win32
		{22BC14EC-3670-46C1-8535-3CDFB16DA6D1}.GL|x64.ActiveCfg = Release|x64
		{22BC14EC-3670-46C1-8535-3CDFB16DA6D1}.GL|x64.Build.0 = Release|x64
		{22BC14EC-3670-46C1-8535-3CDFB16DA6D1}.GL|x86.ActiveCfg = Release|Win32
		{22BC14EC-3670-46C1-8535-3CDFB16DA6D1}.GL|x86.Build.0 = Release|Win32
	EndGlobalSection
	GlobalSection(SolutionProperties) = preSolution
		HideSolutionNode = FALSE
	EndGlobalSection
EndGlobal
