<?xml version="1.0" encoding="utf-8"?>
<Project ToolsVersion="4.0" xmlns="http://schemas.microsoft.com/developer/msbuild/2003">
  <ItemGroup>
    <Filter Include="inc">
      <UniqueIdentifier>{4211673a-a3c1-403b-80f6-3c6a96ca59a9}</UniqueIdentifier>
    </Filter>
    <Filter Include="src">
      <UniqueIdentifier>{078bb993-16e4-4880-b8d3-a7bad65b20cd}</UniqueIdentifier>
    </Filter>
  </ItemGroup>
  <ItemGroup>
    <ClInclude Include="..\..\inc\ciri\gfx\IGraphicsDevice.hpp">
      <Filter>inc</Filter>
    </ClInclude>
    <ClInclude Include="..\..\inc\ciri\gfx\BlendColorMask.hpp">
      <Filter>inc</Filter>
    </ClInclude>
    <ClInclude Include="..\..\inc\ciri\gfx\BlendFunction.hpp">
      <Filter>inc</Filter>
    </ClInclude>
    <ClInclude Include="..\..\inc\ciri\gfx\BlendMode.hpp">
      <Filter>inc</Filter>
    </ClInclude>
    <ClInclude Include="..\..\inc\ciri\gfx\Camera.hpp">
      <Filter>inc</Filter>
    </ClInclude>
    <ClInclude Include="..\..\inc\ciri\gfx\ClearFlags.hpp">
      <Filter>inc</Filter>
    </ClInclude>
    <ClInclude Include="..\..\inc\ciri\gfx\CompareFunction.hpp">
      <Filter>inc</Filter>
    </ClInclude>
    <ClInclude Include="..\..\inc\ciri\gfx\CullMode.hpp">
      <Filter>inc</Filter>
    </ClInclude>
    <ClInclude Include="..\..\inc\ciri\gfx\FillMode.hpp">
      <Filter>inc</Filter>
    </ClInclude>
    <ClInclude Include="..\..\inc\ciri\gfx\FPSCamera.hpp">
      <Filter>inc</Filter>
    </ClInclude>
    <ClInclude Include="..\..\inc\ciri\gfx\GraphicsApiType.hpp">
      <Filter>inc</Filter>
    </ClInclude>
    <ClInclude Include="..\..\inc\ciri\gfx\IBlendState.hpp">
      <Filter>inc</Filter>
    </ClInclude>
    <ClInclude Include="..\..\inc\ciri\gfx\IConstantBuffer.hpp">
      <Filter>inc</Filter>
    </ClInclude>
    <ClInclude Include="..\..\inc\ciri\gfx\IDepthStencilState.hpp">
      <Filter>inc</Filter>
    </ClInclude>
    <ClInclude Include="..\..\inc\ciri\gfx\IIndexBuffer.hpp">
      <Filter>inc</Filter>
    </ClInclude>
    <ClInclude Include="..\..\inc\ciri\gfx\IRasterizerState.hpp">
      <Filter>inc</Filter>
    </ClInclude>
    <ClInclude Include="..\..\inc\ciri\gfx\IRenderTarget2D.hpp">
      <Filter>inc</Filter>
    </ClInclude>
    <ClInclude Include="..\..\inc\ciri\gfx\ISamplerState.hpp">
      <Filter>inc</Filter>
    </ClInclude>
    <ClInclude Include="..\..\inc\ciri\gfx\IShader.hpp">
      <Filter>inc</Filter>
    </ClInclude>
    <ClInclude Include="..\..\inc\ciri\gfx\ITexture2D.hpp">
      <Filter>inc</Filter>
    </ClInclude>
    <ClInclude Include="..\..\inc\ciri\gfx\ITextureCube.hpp">
      <Filter>inc</Filter>
    </ClInclude>
    <ClInclude Include="..\..\inc\ciri\gfx\IVertexBuffer.hpp">
      <Filter>inc</Filter>
    </ClInclude>
    <ClInclude Include="..\..\inc\ciri\gfx\MayaCamera.hpp">
      <Filter>inc</Filter>
    </ClInclude>
    <ClInclude Include="..\..\inc\ciri\gfx\ObjModel.hpp">
      <Filter>inc</Filter>
    </ClInclude>
    <ClInclude Include="..\..\inc\ciri\gfx\Plane.hpp">
      <Filter>inc</Filter>
    </ClInclude>
    <ClInclude Include="..\..\inc\ciri\gfx\PrimitiveTopology.hpp">
      <Filter>inc</Filter>
    </ClInclude>
    <ClInclude Include="..\..\inc\ciri\gfx\SamplerFilter.hpp">
      <Filter>inc</Filter>
    </ClInclude>
    <ClInclude Include="..\..\inc\ciri\gfx\SamplerWrap.hpp">
      <Filter>inc</Filter>
    </ClInclude>
    <ClInclude Include="..\..\inc\ciri\gfx\ShaderStage.hpp">
      <Filter>inc</Filter>
    </ClInclude>
    <ClInclude Include="..\..\inc\ciri\gfx\StencilOperation.hpp">
      <Filter>inc</Filter>
    </ClInclude>
    <ClInclude Include="..\..\inc\ciri\gfx\TextureFlags.hpp">
      <Filter>inc</Filter>
    </ClInclude>
    <ClInclude Include="..\..\inc\ciri\gfx\TextureFormat.hpp">
      <Filter>inc</Filter>
    </ClInclude>
    <ClInclude Include="..\..\inc\ciri\gfx\VertexDeclaration.hpp">
      <Filter>inc</Filter>
    </ClInclude>
    <ClInclude Include="..\..\inc\ciri\gfx\VertexElement.hpp">
      <Filter>inc</Filter>
    </ClInclude>
    <ClInclude Include="..\..\inc\ciri\gfx\VertexFormat.hpp">
      <Filter>inc</Filter>
    </ClInclude>
    <ClInclude Include="..\..\inc\ciri\gfx\VertexUsage.hpp">
      <Filter>inc</Filter>
    </ClInclude>
  </ItemGroup>
  <ItemGroup>
    <ClCompile Include="..\..\src\ciri\gfx\gfx_dummy.cpp">
      <Filter>src</Filter>
    </ClCompile>
    <ClCompile Include="..\..\src\ciri\gfx\Camera.cpp">
      <Filter>src</Filter>
    </ClCompile>
    <ClCompile Include="..\..\src\ciri\gfx\MayaCamera.cpp">
      <Filter>src</Filter>
    </ClCompile>
    <ClCompile Include="..\..\src\ciri\gfx\ObjModel.cpp">
      <Filter>src</Filter>
    </ClCompile>
    <ClCompile Include="..\..\src\ciri\gfx\Plane.cpp">
      <Filter>src</Filter>
    </ClCompile>
    <ClCompile Include="..\..\src\ciri\gfx\VertexDeclaration.cpp">
      <Filter>src</Filter>
    </ClCompile>
    <ClCompile Include="..\..\src\ciri\gfx\VertexElement.cpp">
      <Filter>src</Filter>
    </ClCompile>
    <ClCompile Include="..\..\src\ciri\gfx\FPSCamera.cpp">
      <Filter>src</Filter>
    </ClCompile>
  </ItemGroup>
</Project>