<?xml version="1.0" encoding="utf-8"?>
<Project ToolsVersion="4.0" xmlns="http://schemas.microsoft.com/developer/msbuild/2003">
  <ItemGroup>
    <Filter Include="inc">
      <UniqueIdentifier>{f8e2b3ea-4c9e-4480-a8d3-424feceb5265}</UniqueIdentifier>
    </Filter>
    <Filter Include="src">
      <UniqueIdentifier>{a181c4b6-eee0-4c92-bac0-4c320e81eca9}</UniqueIdentifier>
    </Filter>
    <Filter Include="inc\win">
      <UniqueIdentifier>{5cf2e76c-f148-44e4-be5e-d5ebd538b1c5}</UniqueIdentifier>
    </Filter>
    <Filter Include="src\win">
      <UniqueIdentifier>{d8703a2b-d9a0-4418-85c8-1f734988bb30}</UniqueIdentifier>
    </Filter>
  </ItemGroup>
  <ItemGroup>
    <ClInclude Include="..\..\inc\ciri\gfx\win\gl\CheckGLError.hpp">
      <Filter>inc\win</Filter>
    </ClInclude>
    <ClInclude Include="..\..\inc\ciri\gfx\win\gl\CiriToGl.hpp">
      <Filter>inc\win</Filter>
    </ClInclude>
    <ClInclude Include="..\..\inc\ciri\gfx\win\gl\GLBlendState.hpp">
      <Filter>inc\win</Filter>
    </ClInclude>
    <ClInclude Include="..\..\inc\ciri\gfx\win\gl\GLConstantBuffer.hpp">
      <Filter>inc\win</Filter>
    </ClInclude>
    <ClInclude Include="..\..\inc\ciri\gfx\win\gl\GLDepthStencilState.hpp">
      <Filter>inc\win</Filter>
    </ClInclude>
    <ClInclude Include="..\..\inc\ciri\gfx\win\gl\GLGraphicsDevice.hpp">
      <Filter>inc\win</Filter>
    </ClInclude>
    <ClInclude Include="..\..\inc\ciri\gfx\win\gl\GLIndexBuffer.hpp">
      <Filter>inc\win</Filter>
    </ClInclude>
    <ClInclude Include="..\..\inc\ciri\gfx\win\gl\GLRasterizerState.hpp">
      <Filter>inc\win</Filter>
    </ClInclude>
    <ClInclude Include="..\..\inc\ciri\gfx\win\gl\GLRenderTarget2D.hpp">
      <Filter>inc\win</Filter>
    </ClInclude>
    <ClInclude Include="..\..\inc\ciri\gfx\win\gl\GLSamplerState.hpp">
      <Filter>inc\win</Filter>
    </ClInclude>
    <ClInclude Include="..\..\inc\ciri\gfx\win\gl\GLShader.hpp">
      <Filter>inc\win</Filter>
    </ClInclude>
    <ClInclude Include="..\..\inc\ciri\gfx\win\gl\GLTexture2D.hpp">
      <Filter>inc\win</Filter>
    </ClInclude>
    <ClInclude Include="..\..\inc\ciri\gfx\win\gl\GLTextureCube.hpp">
      <Filter>inc\win</Filter>
    </ClInclude>
    <ClInclude Include="..\..\inc\ciri\gfx\win\gl\GLVertexBuffer.hpp">
      <Filter>inc\win</Filter>
    </ClInclude>
    <ClInclude Include="..\..\inc\ciri\gfx\win\gl\GLVertexDeclaration.hpp">
      <Filter>inc\win</Filter>
    </ClInclude>
    <ClInclude Include="..\..\inc\ciri\gfx\Camera.hpp">
      <Filter>inc</Filter>
    </ClInclude>
    <ClInclude Include="..\..\inc\ciri\gfx\FPSCamera.hpp">
      <Filter>inc</Filter>
    </ClInclude>
    <ClInclude Include="..\..\inc\ciri\gfx\MayaCamera.hpp">
      <Filter>inc</Filter>
    </ClInclude>
    <ClInclude Include="..\..\inc\ciri\gfx\ObjModel.hpp">
      <Filter>inc</Filter>
    </ClInclude>
    <ClInclude Include="..\..\inc\ciri\gfx\Plane.hpp">
      <Filter>inc</Filter>
    </ClInclude>
    <ClInclude Include="..\..\inc\ciri\gfx\VertexDeclaration.hpp">
      <Filter>inc</Filter>
    </ClInclude>
    <ClInclude Include="..\..\inc\ciri\gfx\VertexElement.hpp">
      <Filter>inc</Filter>
    </ClInclude>
    <ClInclude Include="..\..\inc\ciri\gfx\Viewport.hpp">
      <Filter>inc</Filter>
    </ClInclude>
    <ClInclude Include="..\..\inc\ciri\gfx\win\gl\GLTexture3D.hpp">
      <Filter>inc\win</Filter>
    </ClInclude>
  </ItemGroup>
  <ItemGroup>
    <ClCompile Include="..\..\src\ciri\gfx\win\gl\GLBlendState.cpp">
      <Filter>src\win</Filter>
    </ClCompile>
    <ClCompile Include="..\..\src\ciri\gfx\win\gl\GLConstantBuffer.cpp">
      <Filter>src\win</Filter>
    </ClCompile>
    <ClCompile Include="..\..\src\ciri\gfx\win\gl\GLDepthStencilState.cpp">
      <Filter>src\win</Filter>
    </ClCompile>
    <ClCompile Include="..\..\src\ciri\gfx\win\gl\GLGraphicsDevice.cpp">
      <Filter>src\win</Filter>
    </ClCompile>
    <ClCompile Include="..\..\src\ciri\gfx\win\gl\GLIndexBuffer.cpp">
      <Filter>src\win</Filter>
    </ClCompile>
    <ClCompile Include="..\..\src\ciri\gfx\win\gl\GLRasterizerState.cpp">
      <Filter>src\win</Filter>
    </ClCompile>
    <ClCompile Include="..\..\src\ciri\gfx\win\gl\GLRenderTarget2D.cpp">
      <Filter>src\win</Filter>
    </ClCompile>
    <ClCompile Include="..\..\src\ciri\gfx\win\gl\GLSamplerState.cpp">
      <Filter>src\win</Filter>
    </ClCompile>
    <ClCompile Include="..\..\src\ciri\gfx\win\gl\GLShader.cpp">
      <Filter>src\win</Filter>
    </ClCompile>
    <ClCompile Include="..\..\src\ciri\gfx\win\gl\GLTexture2D.cpp">
      <Filter>src\win</Filter>
    </ClCompile>
    <ClCompile Include="..\..\src\ciri\gfx\win\gl\GLTextureCube.cpp">
      <Filter>src\win</Filter>
    </ClCompile>
    <ClCompile Include="..\..\src\ciri\gfx\win\gl\GLVertexBuffer.cpp">
      <Filter>src\win</Filter>
    </ClCompile>
    <ClCompile Include="..\..\src\ciri\gfx\win\gl\GLVertexDeclaration.cpp">
      <Filter>src\win</Filter>
    </ClCompile>
    <ClCompile Include="..\..\src\ciri\gfx\Camera.cpp">
      <Filter>src</Filter>
    </ClCompile>
    <ClCompile Include="..\..\src\ciri\gfx\FPSCamera.cpp">
      <Filter>src</Filter>
    </ClCompile>
    <ClCompile Include="..\..\src\ciri\gfx\MayaCamera.cpp">
      <Filter>src</Filter>
    </ClCompile>
    <ClCompile Include="..\..\src\ciri\gfx\ObjModel.cpp">
      <Filter>src</Filter>
    </ClCompile>
    <ClCompile Include="..\..\src\ciri\gfx\Plane.cpp">
      <Filter>src</Filter>
    </ClCompile>
    <ClCompile Include="..\..\src\ciri\gfx\VertexDeclaration.cpp">
      <Filter>src</Filter>
    </ClCompile>
    <ClCompile Include="..\..\src\ciri\gfx\VertexElement.cpp">
      <Filter>src</Filter>
    </ClCompile>
    <ClCompile Include="..\..\src\ciri\gfx\Viewport.cpp">
      <Filter>src</Filter>
    </ClCompile>
    <ClCompile Include="..\..\src\ciri\gfx\win\gl\GLTexture3D.cpp">
      <Filter>src\win</Filter>
    </ClCompile>
  </ItemGroup>
</Project>