<?xml version="1.0" encoding="utf-8"?>
<Project ToolsVersion="4.0" xmlns="http://schemas.microsoft.com/developer/msbuild/2003">
  <ItemGroup>
    <Filter Include="inc">
      <UniqueIdentifier>{f8e2b3ea-4c9e-4480-a8d3-424feceb5265}</UniqueIdentifier>
    </Filter>
    <Filter Include="src">
      <UniqueIdentifier>{a181c4b6-eee0-4c92-bac0-4c320e81eca9}</UniqueIdentifier>
    </Filter>
  </ItemGroup>
  <ItemGroup>
    <ClInclude Include="..\..\inc\ciri\gfx\win\gl\CheckGLError.hpp">
      <Filter>inc</Filter>
    </ClInclude>
    <ClInclude Include="..\..\inc\ciri\gfx\win\gl\CiriToGl.hpp">
      <Filter>inc</Filter>
    </ClInclude>
    <ClInclude Include="..\..\inc\ciri\gfx\win\gl\GLBlendState.hpp">
      <Filter>inc</Filter>
    </ClInclude>
    <ClInclude Include="..\..\inc\ciri\gfx\win\gl\GLConstantBuffer.hpp">
      <Filter>inc</Filter>
    </ClInclude>
    <ClInclude Include="..\..\inc\ciri\gfx\win\gl\GLDepthStencilState.hpp">
      <Filter>inc</Filter>
    </ClInclude>
    <ClInclude Include="..\..\inc\ciri\gfx\win\gl\GLGraphicsDevice.hpp">
      <Filter>inc</Filter>
    </ClInclude>
    <ClInclude Include="..\..\inc\ciri\gfx\win\gl\GLIndexBuffer.hpp">
      <Filter>inc</Filter>
    </ClInclude>
    <ClInclude Include="..\..\inc\ciri\gfx\win\gl\GLRasterizerState.hpp">
      <Filter>inc</Filter>
    </ClInclude>
    <ClInclude Include="..\..\inc\ciri\gfx\win\gl\GLRenderTarget2D.hpp">
      <Filter>inc</Filter>
    </ClInclude>
    <ClInclude Include="..\..\inc\ciri\gfx\win\gl\GLSamplerState.hpp">
      <Filter>inc</Filter>
    </ClInclude>
    <ClInclude Include="..\..\inc\ciri\gfx\win\gl\GLShader.hpp">
      <Filter>inc</Filter>
    </ClInclude>
    <ClInclude Include="..\..\inc\ciri\gfx\win\gl\GLTexture2D.hpp">
      <Filter>inc</Filter>
    </ClInclude>
    <ClInclude Include="..\..\inc\ciri\gfx\win\gl\GLTextureCube.hpp">
      <Filter>inc</Filter>
    </ClInclude>
    <ClInclude Include="..\..\inc\ciri\gfx\win\gl\GLVertexBuffer.hpp">
      <Filter>inc</Filter>
    </ClInclude>
    <ClInclude Include="..\..\inc\ciri\gfx\win\gl\GLVertexDeclaration.hpp">
      <Filter>inc</Filter>
    </ClInclude>
  </ItemGroup>
  <ItemGroup>
    <ClCompile Include="..\..\src\ciri\gfx\win\gl\GLBlendState.cpp">
      <Filter>src</Filter>
    </ClCompile>
    <ClCompile Include="..\..\src\ciri\gfx\win\gl\GLTextureCube.cpp">
      <Filter>src</Filter>
    </ClCompile>
    <ClCompile Include="..\..\src\ciri\gfx\win\gl\GLConstantBuffer.cpp">
      <Filter>src</Filter>
    </ClCompile>
    <ClCompile Include="..\..\src\ciri\gfx\win\gl\GLDepthStencilState.cpp">
      <Filter>src</Filter>
    </ClCompile>
    <ClCompile Include="..\..\src\ciri\gfx\win\gl\GLGraphicsDevice.cpp">
      <Filter>src</Filter>
    </ClCompile>
    <ClCompile Include="..\..\src\ciri\gfx\win\gl\GLIndexBuffer.cpp">
      <Filter>src</Filter>
    </ClCompile>
    <ClCompile Include="..\..\src\ciri\gfx\win\gl\GLRasterizerState.cpp">
      <Filter>src</Filter>
    </ClCompile>
    <ClCompile Include="..\..\src\ciri\gfx\win\gl\GLRenderTarget2D.cpp">
      <Filter>src</Filter>
    </ClCompile>
    <ClCompile Include="..\..\src\ciri\gfx\win\gl\GLSamplerState.cpp">
      <Filter>src</Filter>
    </ClCompile>
    <ClCompile Include="..\..\src\ciri\gfx\win\gl\GLShader.cpp">
      <Filter>src</Filter>
    </ClCompile>
    <ClCompile Include="..\..\src\ciri\gfx\win\gl\GLTexture2D.cpp">
      <Filter>src</Filter>
    </ClCompile>
    <ClCompile Include="..\..\src\ciri\gfx\win\gl\GLVertexBuffer.cpp">
      <Filter>src</Filter>
    </ClCompile>
    <ClCompile Include="..\..\src\ciri\gfx\win\gl\GLVertexDeclaration.cpp">
      <Filter>src</Filter>
    </ClCompile>
  </ItemGroup>
</Project>