<?xml version="1.0" encoding="utf-8"?>
<Project ToolsVersion="4.0" xmlns="http://schemas.microsoft.com/developer/msbuild/2003">
  <ItemGroup>
    <ClCompile Include="..\src\main.cpp" />
    <ClCompile Include="..\src\demos\dynvb\DynamicVertexBufferDemo.cpp">
      <Filter>demos\dynvb</Filter>
    </ClCompile>
    <ClCompile Include="..\src\common\Axis.cpp">
      <Filter>common</Filter>
    </ClCompile>
    <ClCompile Include="..\src\common\Grid.cpp">
      <Filter>common</Filter>
    </ClCompile>
    <ClCompile Include="..\src\common\Model.cpp">
      <Filter>common</Filter>
    </ClCompile>
    <ClCompile Include="..\src\common\Transform.cpp">
      <Filter>common</Filter>
    </ClCompile>
    <ClCompile Include="..\src\common\ShaderPresets.cpp">
      <Filter>common</Filter>
    </ClCompile>
    <ClCompile Include="..\src\demos\dynvb\OpenCloth.cpp">
      <Filter>demos\dynvb</Filter>
    </ClCompile>
    <ClCompile Include="..\src\demos\refl\ReflectionsDemo.cpp">
      <Filter>demos\refl</Filter>
    </ClCompile>
  </ItemGroup>
  <ItemGroup>
    <ClInclude Include="..\src\demos\dynvb\DynamicVertexBufferDemo.hpp">
      <Filter>demos\dynvb</Filter>
    </ClInclude>
    <ClInclude Include="..\src\demos\IDemo.hpp">
      <Filter>demos</Filter>
    </ClInclude>
    <ClInclude Include="..\src\common\Axis.hpp">
      <Filter>common</Filter>
    </ClInclude>
    <ClInclude Include="..\src\common\Grid.hpp">
      <Filter>common</Filter>
    </ClInclude>
    <ClInclude Include="..\src\common\Model.hpp">
      <Filter>common</Filter>
    </ClInclude>
    <ClInclude Include="..\src\common\ModelGen.hpp">
      <Filter>common</Filter>
    </ClInclude>
    <ClInclude Include="..\src\common\Transform.hpp">
      <Filter>common</Filter>
    </ClInclude>
    <ClInclude Include="..\src\common\Vertex.hpp">
      <Filter>common</Filter>
    </ClInclude>
    <ClInclude Include="..\src\common\ShaderPresets.hpp">
      <Filter>common</Filter>
    </ClInclude>
    <ClInclude Include="..\src\demos\dynvb\OpenCloth.hpp">
      <Filter>demos\dynvb</Filter>
    </ClInclude>
    <ClInclude Include="..\src\demos\refl\ReflectionsDemo.hpp">
      <Filter>demos\refl</Filter>
    </ClInclude>
  </ItemGroup>
  <ItemGroup>
    <Filter Include="demos">
      <UniqueIdentifier>{4b2de6ff-3dfd-4cea-9553-325ca2add14c}</UniqueIdentifier>
    </Filter>
    <Filter Include="demos\dynvb">
      <UniqueIdentifier>{07e28a53-d705-4262-b921-60c673cde53b}</UniqueIdentifier>
    </Filter>
    <Filter Include="common">
      <UniqueIdentifier>{55cfe643-068a-4c03-87fb-65557b2c0a2c}</UniqueIdentifier>
    </Filter>
    <Filter Include="demos\refl">
      <UniqueIdentifier>{fc299fbd-2046-438e-ac47-9cefb5ef583b}</UniqueIdentifier>
    </Filter>
  </ItemGroup>
</Project>