<?xml version="1.0" encoding="utf-8"?>
<Project ToolsVersion="4.0" xmlns="http://schemas.microsoft.com/developer/msbuild/2003">
  <ItemGroup>
    <Filter Include="wnd">
      <UniqueIdentifier>{d3fe9bb4-40e9-4058-8971-9f6ef6ee4a4c}</UniqueIdentifier>
    </Filter>
    <Filter Include="gfx">
      <UniqueIdentifier>{ffaef3a1-bf20-47ef-91ed-a526e1064306}</UniqueIdentifier>
    </Filter>
    <Filter Include="util">
      <UniqueIdentifier>{9bfa1e27-9df4-4b4f-b484-b82a44bf3af8}</UniqueIdentifier>
    </Filter>
    <Filter Include="gfx\dx">
      <UniqueIdentifier>{5f70a51c-cc74-4e4f-ab1b-38a1426eb3cb}</UniqueIdentifier>
    </Filter>
    <Filter Include="gfx\gl">
      <UniqueIdentifier>{43e2367a-7233-4fd2-993e-d08fbcfc21c0}</UniqueIdentifier>
    </Filter>
    <Filter Include="input">
      <UniqueIdentifier>{2b1202f0-e285-4e82-a97e-b0cdf9f5a380}</UniqueIdentifier>
    </Filter>
    <Filter Include="gfx\dx\msft">
      <UniqueIdentifier>{f997e1d8-0ca1-430a-afac-bf635fc7ac5b}</UniqueIdentifier>
    </Filter>
  </ItemGroup>
  <ItemGroup>
    <ClCompile Include="..\src\ciri\wnd\Window.cpp">
      <Filter>wnd</Filter>
    </ClCompile>
    <ClCompile Include="..\src\ciri\gfx\Camera.cpp">
      <Filter>gfx</Filter>
    </ClCompile>
    <ClCompile Include="..\src\ciri\util\File.cpp">
      <Filter>util</Filter>
    </ClCompile>
    <ClCompile Include="..\src\ciri\gfx\GraphicsDeviceFactory.cpp">
      <Filter>gfx</Filter>
    </ClCompile>
    <ClCompile Include="..\src\ciri\gfx\VertexElement.cpp">
      <Filter>gfx</Filter>
    </ClCompile>
    <ClCompile Include="..\src\ciri\gfx\VertexDeclaration.cpp">
      <Filter>gfx</Filter>
    </ClCompile>
    <ClCompile Include="..\src\ciri\gfx\dx\DXGraphicsDevice.cpp">
      <Filter>gfx\dx</Filter>
    </ClCompile>
    <ClCompile Include="..\src\ciri\gfx\dx\DXShader.cpp">
      <Filter>gfx\dx</Filter>
    </ClCompile>
    <ClCompile Include="..\src\ciri\gfx\dx\DXVertexBuffer.cpp">
      <Filter>gfx\dx</Filter>
    </ClCompile>
    <ClCompile Include="..\src\ciri\gfx\dx\DXVertexDeclaration.cpp">
      <Filter>gfx\dx</Filter>
    </ClCompile>
    <ClCompile Include="..\src\ciri\gfx\gl\GLGraphicsDevice.cpp">
      <Filter>gfx\gl</Filter>
    </ClCompile>
    <ClCompile Include="..\src\ciri\gfx\gl\GLShader.cpp">
      <Filter>gfx\gl</Filter>
    </ClCompile>
    <ClCompile Include="..\src\ciri\gfx\gl\GLVertexBuffer.cpp">
      <Filter>gfx\gl</Filter>
    </ClCompile>
    <ClCompile Include="..\src\ciri\gfx\gl\GLVertexDeclaration.cpp">
      <Filter>gfx\gl</Filter>
    </ClCompile>
    <ClCompile Include="..\src\ciri\gfx\gl\GLConstantBuffer.cpp">
      <Filter>gfx\gl</Filter>
    </ClCompile>
    <ClCompile Include="..\src\ciri\gfx\dx\DXConstantBuffer.cpp">
      <Filter>gfx\dx</Filter>
    </ClCompile>
    <ClCompile Include="..\src\ciri\gfx\gl\GLIndexBuffer.cpp">
      <Filter>gfx\gl</Filter>
    </ClCompile>
    <ClCompile Include="..\src\ciri\gfx\dx\DXIndexBuffer.cpp">
      <Filter>gfx\dx</Filter>
    </ClCompile>
    <ClCompile Include="..\src\ciri\input\Input.cpp">
      <Filter>input</Filter>
    </ClCompile>
    <ClCompile Include="..\src\ciri\util\Timer.cpp">
      <Filter>util</Filter>
    </ClCompile>
    <ClCompile Include="..\src\ciri\gfx\MayaCamera.cpp">
      <Filter>gfx</Filter>
    </ClCompile>
    <ClCompile Include="..\src\ciri\gfx\gl\GLTexture2D.cpp">
      <Filter>gfx\gl</Filter>
    </ClCompile>
    <ClCompile Include="..\src\ciri\gfx\dx\DXTexture2D.cpp">
      <Filter>gfx\dx</Filter>
    </ClCompile>
    <ClCompile Include="..\src\ciri\util\TGA.cpp">
      <Filter>util</Filter>
    </ClCompile>
    <ClCompile Include="..\src\ciri\gfx\gl\GLSamplerState.cpp">
      <Filter>gfx\gl</Filter>
    </ClCompile>
    <ClCompile Include="..\src\ciri\gfx\dx\DXSamplerState.cpp">
      <Filter>gfx\dx</Filter>
    </ClCompile>
    <ClCompile Include="..\src\ciri\gfx\dx\DXRenderTarget2D.cpp">
      <Filter>gfx\dx</Filter>
    </ClCompile>
    <ClCompile Include="..\src\ciri\gfx\gl\GLRenderTarget2D.cpp">
      <Filter>gfx\gl</Filter>
    </ClCompile>
    <ClCompile Include="..\src\ciri\gfx\ObjModel.cpp">
      <Filter>gfx</Filter>
    </ClCompile>
    <ClCompile Include="..\src\ciri\gfx\gl\GLRasterizerState.cpp">
      <Filter>gfx\gl</Filter>
    </ClCompile>
    <ClCompile Include="..\src\ciri\gfx\dx\DXRasterizerState.cpp">
      <Filter>gfx\dx</Filter>
    </ClCompile>
    <ClCompile Include="..\src\ciri\gfx\gl\GLDepthStencilState.cpp">
      <Filter>gfx\gl</Filter>
    </ClCompile>
    <ClCompile Include="..\src\ciri\gfx\dx\DXDepthStencilState.cpp">
      <Filter>gfx\dx</Filter>
    </ClCompile>
    <ClCompile Include="..\inc\ciri\gfx\dx\msft\ScreenGrab.cpp">
      <Filter>gfx\dx\msft</Filter>
    </ClCompile>
    <ClCompile Include="..\src\ciri\util\Log.cpp">
      <Filter>util</Filter>
    </ClCompile>
    <ClCompile Include="..\inc\ciri\gfx\gl\GLBlendState.cpp">
      <Filter>gfx\gl</Filter>
    </ClCompile>
    <ClCompile Include="..\inc\ciri\gfx\dx\DXBlendState.cpp">
      <Filter>gfx\dx</Filter>
    </ClCompile>
  </ItemGroup>
  <ItemGroup>
    <ClInclude Include="..\inc\ciri\gfx\Camera.hpp">
      <Filter>gfx</Filter>
    </ClInclude>
    <ClInclude Include="..\inc\ciri\gfx\GraphicsDeviceFactory.hpp">
      <Filter>gfx</Filter>
    </ClInclude>
    <ClInclude Include="..\inc\ciri\gfx\IGraphicsDevice.hpp">
      <Filter>gfx</Filter>
    </ClInclude>
    <ClInclude Include="..\inc\ciri\util\File.hpp">
      <Filter>util</Filter>
    </ClInclude>
    <ClInclude Include="..\inc\ciri\wnd\Window.hpp">
      <Filter>wnd</Filter>
    </ClInclude>
    <ClInclude Include="..\inc\ciri\wnd\WindowEvent.hpp">
      <Filter>wnd</Filter>
    </ClInclude>
    <ClInclude Include="..\inc\ciri\Common.hpp" />
    <ClInclude Include="..\inc\ciri\gfx\IShader.hpp">
      <Filter>gfx</Filter>
    </ClInclude>
    <ClInclude Include="..\inc\ciri\gfx\VertexFormat.hpp">
      <Filter>gfx</Filter>
    </ClInclude>
    <ClInclude Include="..\inc\ciri\gfx\VertexUsage.hpp">
      <Filter>gfx</Filter>
    </ClInclude>
    <ClInclude Include="..\inc\ciri\gfx\VertexElement.hpp">
      <Filter>gfx</Filter>
    </ClInclude>
    <ClInclude Include="..\inc\ciri\gfx\VertexDeclaration.hpp">
      <Filter>gfx</Filter>
    </ClInclude>
    <ClInclude Include="..\inc\ciri\util\StrUtil.hpp">
      <Filter>util</Filter>
    </ClInclude>
    <ClInclude Include="..\inc\ciri\gfx\IVertexBuffer.hpp">
      <Filter>gfx</Filter>
    </ClInclude>
    <ClInclude Include="..\inc\ciri\gfx\PrimitiveTopology.hpp">
      <Filter>gfx</Filter>
    </ClInclude>
    <ClInclude Include="..\inc\ciri\gfx\dx\DXGraphicsDevice.hpp">
      <Filter>gfx\dx</Filter>
    </ClInclude>
    <ClInclude Include="..\inc\ciri\gfx\dx\DXShader.hpp">
      <Filter>gfx\dx</Filter>
    </ClInclude>
    <ClInclude Include="..\inc\ciri\gfx\dx\DXVertexBuffer.hpp">
      <Filter>gfx\dx</Filter>
    </ClInclude>
    <ClInclude Include="..\inc\ciri\gfx\dx\DXVertexDeclaration.hpp">
      <Filter>gfx\dx</Filter>
    </ClInclude>
    <ClInclude Include="..\inc\ciri\gfx\gl\GLGraphicsDevice.hpp">
      <Filter>gfx\gl</Filter>
    </ClInclude>
    <ClInclude Include="..\inc\ciri\gfx\gl\GLShader.hpp">
      <Filter>gfx\gl</Filter>
    </ClInclude>
    <ClInclude Include="..\inc\ciri\gfx\gl\GLVertexBuffer.hpp">
      <Filter>gfx\gl</Filter>
    </ClInclude>
    <ClInclude Include="..\inc\ciri\gfx\gl\GLVertexDeclaration.hpp">
      <Filter>gfx\gl</Filter>
    </ClInclude>
    <ClInclude Include="..\inc\ciri\ErrorCodes.hpp" />
    <ClInclude Include="..\inc\ciri\gfx\IConstantBuffer.hpp">
      <Filter>gfx</Filter>
    </ClInclude>
    <ClInclude Include="..\inc\ciri\gfx\gl\GLConstantBuffer.hpp">
      <Filter>gfx\gl</Filter>
    </ClInclude>
    <ClInclude Include="..\inc\ciri\gfx\dx\DXConstantBuffer.hpp">
      <Filter>gfx\dx</Filter>
    </ClInclude>
    <ClInclude Include="..\inc\ciri\gfx\IIndexBuffer.hpp">
      <Filter>gfx</Filter>
    </ClInclude>
    <ClInclude Include="..\inc\ciri\gfx\gl\GLIndexBuffer.hpp">
      <Filter>gfx\gl</Filter>
    </ClInclude>
    <ClInclude Include="..\inc\ciri\gfx\dx\DXIndexBuffer.hpp">
      <Filter>gfx\dx</Filter>
    </ClInclude>
    <ClInclude Include="..\inc\ciri\input\Input.hpp">
      <Filter>input</Filter>
    </ClInclude>
    <ClInclude Include="..\inc\ciri\util\Timer.hpp">
      <Filter>util</Filter>
    </ClInclude>
    <ClInclude Include="..\inc\ciri\gfx\MayaCamera.hpp">
      <Filter>gfx</Filter>
    </ClInclude>
    <ClInclude Include="..\inc\ciri\gfx\TextureFormat.hpp">
      <Filter>gfx</Filter>
    </ClInclude>
    <ClInclude Include="..\inc\ciri\gfx\ITexture2D.hpp">
      <Filter>gfx</Filter>
    </ClInclude>
    <ClInclude Include="..\inc\ciri\gfx\gl\GLTexture2D.hpp">
      <Filter>gfx\gl</Filter>
    </ClInclude>
    <ClInclude Include="..\inc\ciri\gfx\dx\DXTexture2D.hpp">
      <Filter>gfx\dx</Filter>
    </ClInclude>
    <ClInclude Include="..\inc\ciri\util\TGA.hpp">
      <Filter>util</Filter>
    </ClInclude>
    <ClInclude Include="..\inc\ciri\gfx\ISamplerState.hpp">
      <Filter>gfx</Filter>
    </ClInclude>
    <ClInclude Include="..\inc\ciri\gfx\gl\GLSamplerState.hpp">
      <Filter>gfx\gl</Filter>
    </ClInclude>
    <ClInclude Include="..\inc\ciri\gfx\dx\DXSamplerState.hpp">
      <Filter>gfx\dx</Filter>
    </ClInclude>
    <ClInclude Include="..\inc\ciri\gfx\ShaderStage.hpp">
      <Filter>gfx</Filter>
    </ClInclude>
    <ClInclude Include="..\inc\ciri\gfx\IRenderTarget2D.hpp">
      <Filter>gfx</Filter>
    </ClInclude>
    <ClInclude Include="..\inc\ciri\gfx\gl\GLRenderTarget2D.hpp">
      <Filter>gfx\gl</Filter>
    </ClInclude>
    <ClInclude Include="..\inc\ciri\gfx\dx\DXRenderTarget2D.hpp">
      <Filter>gfx\dx</Filter>
    </ClInclude>
    <ClInclude Include="..\inc\ciri\gfx\ClearFlags.hpp">
      <Filter>gfx</Filter>
    </ClInclude>
    <ClInclude Include="..\inc\ciri\gfx\ObjModel.hpp">
      <Filter>gfx</Filter>
    </ClInclude>
    <ClInclude Include="..\inc\ciri\gfx\IRasterizerState.hpp">
      <Filter>gfx</Filter>
    </ClInclude>
    <ClInclude Include="..\inc\ciri\gfx\gl\GLRasterizerState.hpp">
      <Filter>gfx\gl</Filter>
    </ClInclude>
    <ClInclude Include="..\inc\ciri\gfx\dx\DXRasterizerState.hpp">
      <Filter>gfx\dx</Filter>
    </ClInclude>
    <ClInclude Include="..\inc\ciri\gfx\IDepthStencilState.hpp">
      <Filter>gfx</Filter>
    </ClInclude>
    <ClInclude Include="..\inc\ciri\gfx\gl\GLDepthStencilState.hpp">
      <Filter>gfx\gl</Filter>
    </ClInclude>
    <ClInclude Include="..\inc\ciri\gfx\dx\DXDepthStencilState.hpp">
      <Filter>gfx\dx</Filter>
    </ClInclude>
    <ClInclude Include="..\inc\ciri\gfx\TextureFlags.hpp">
      <Filter>gfx</Filter>
    </ClInclude>
    <ClInclude Include="..\inc\ciri\gfx\dx\msft\ScreenGrab.h">
      <Filter>gfx\dx\msft</Filter>
    </ClInclude>
    <ClInclude Include="..\inc\ciri\gfx\gl\CheckGLError.hpp">
      <Filter>gfx\gl</Filter>
    </ClInclude>
    <ClInclude Include="..\inc\ciri\util\Log.hpp">
      <Filter>util</Filter>
    </ClInclude>
    <ClInclude Include="..\inc\ciri\gfx\CompareFunction.hpp">
      <Filter>gfx</Filter>
    </ClInclude>
    <ClInclude Include="..\inc\ciri\gfx\gl\CiriToGl.hpp">
      <Filter>gfx\gl</Filter>
    </ClInclude>
    <ClInclude Include="..\inc\ciri\gfx\dx\CiriToDx.hpp">
      <Filter>gfx\dx</Filter>
    </ClInclude>
    <ClInclude Include="..\inc\ciri\gfx\StencilOperation.hpp">
      <Filter>gfx</Filter>
    </ClInclude>
    <ClInclude Include="..\inc\ciri\gfx\FillMode.hpp">
      <Filter>gfx</Filter>
    </ClInclude>
    <ClInclude Include="..\inc\ciri\gfx\CullMode.hpp">
      <Filter>gfx</Filter>
    </ClInclude>
    <ClInclude Include="..\inc\ciri\gfx\SamplerWrap.hpp">
      <Filter>gfx</Filter>
    </ClInclude>
    <ClInclude Include="..\inc\ciri\gfx\SamplerFilter.hpp">
      <Filter>gfx</Filter>
    </ClInclude>
    <ClInclude Include="..\inc\ciri\gfx\BlendFunction.hpp">
      <Filter>gfx</Filter>
    </ClInclude>
    <ClInclude Include="..\inc\ciri\gfx\IBlendState.hpp">
      <Filter>gfx</Filter>
    </ClInclude>
    <ClInclude Include="..\inc\ciri\gfx\BlendMode.hpp">
      <Filter>gfx</Filter>
    </ClInclude>
    <ClInclude Include="..\inc\ciri\gfx\gl\GLBlendState.hpp">
      <Filter>gfx\gl</Filter>
    </ClInclude>
    <ClInclude Include="..\inc\ciri\gfx\dx\DXBlendState.hpp">
      <Filter>gfx\dx</Filter>
    </ClInclude>
    <ClInclude Include="..\inc\ciri\gfx\BlendColorMask.hpp">
      <Filter>gfx</Filter>
    </ClInclude>
  </ItemGroup>
</Project>