<?xml version="1.0" encoding="utf-8"?>
<Project ToolsVersion="4.0" xmlns="http://schemas.microsoft.com/developer/msbuild/2003">
  <ItemGroup>
    <ClInclude Include="..\..\inc\ciri\core\File.hpp">
      <Filter>inc</Filter>
    </ClInclude>
    <ClInclude Include="..\..\inc\ciri\core\ErrorCodes.hpp">
      <Filter>inc</Filter>
    </ClInclude>
    <ClInclude Include="..\..\inc\ciri\core\StrUtil.hpp">
      <Filter>inc</Filter>
    </ClInclude>
    <ClInclude Include="..\..\inc\ciri\core\TGA.hpp">
      <Filter>inc</Filter>
    </ClInclude>
    <ClInclude Include="..\..\inc\ciri\core\Timer.hpp">
      <Filter>inc</Filter>
    </ClInclude>
    <ClInclude Include="..\..\inc\ciri\core\Log.hpp">
      <Filter>inc</Filter>
    </ClInclude>
    <ClInclude Include="..\..\inc\ciri\core\PNG.hpp">
      <Filter>inc</Filter>
    </ClInclude>
    <ClInclude Include="..\..\inc\ciri\core\WindowEvent.hpp">
      <Filter>inc</Filter>
    </ClInclude>
    <ClInclude Include="..\..\inc\ciri\core\Window.hpp">
      <Filter>inc</Filter>
    </ClInclude>
    <ClInclude Include="..\..\inc\ciri\core\Input.hpp">
      <Filter>inc</Filter>
    </ClInclude>
  </ItemGroup>
  <ItemGroup>
    <Filter Include="inc">
      <UniqueIdentifier>{6f9cdd43-c794-44ec-81a4-c6aedb941ad1}</UniqueIdentifier>
    </Filter>
    <Filter Include="src">
      <UniqueIdentifier>{799cefa7-0273-4e44-bed0-df507218cc24}</UniqueIdentifier>
    </Filter>
  </ItemGroup>
  <ItemGroup>
    <ClCompile Include="..\..\src\ciri\core\File.cpp">
      <Filter>src</Filter>
    </ClCompile>
    <ClCompile Include="..\..\src\ciri\core\TGA.cpp">
      <Filter>src</Filter>
    </ClCompile>
    <ClCompile Include="..\..\src\ciri\core\Timer.cpp">
      <Filter>src</Filter>
    </ClCompile>
    <ClCompile Include="..\..\src\ciri\core\Log.cpp">
      <Filter>src</Filter>
    </ClCompile>
    <ClCompile Include="..\..\src\ciri\core\PNG.cpp">
      <Filter>src</Filter>
    </ClCompile>
    <ClCompile Include="..\..\src\ciri\core\Window.cpp">
      <Filter>src</Filter>
    </ClCompile>
    <ClCompile Include="..\..\src\ciri\core\Input.cpp">
      <Filter>src</Filter>
    </ClCompile>
  </ItemGroup>
</Project>