<?xml version="1.0" encoding="utf-8"?>
<Project ToolsVersion="4.0" xmlns="http://schemas.microsoft.com/developer/msbuild/2003">
  <ItemGroup>
    <Filter Include="inc">
      <UniqueIdentifier>{a542ec07-5a5e-47aa-bc9d-a575def23789}</UniqueIdentifier>
    </Filter>
    <Filter Include="src">
      <UniqueIdentifier>{ba17e839-eb08-4ba3-919a-731a33e21d51}</UniqueIdentifier>
    </Filter>
    <Filter Include="inc\win">
      <UniqueIdentifier>{bb4cec9c-9d98-4917-a2d2-c3418e1d97de}</UniqueIdentifier>
    </Filter>
    <Filter Include="src\win">
      <UniqueIdentifier>{576895fb-0fca-44cc-a933-8f8c0f8a734a}</UniqueIdentifier>
    </Filter>
  </ItemGroup>
  <ItemGroup>
    <ClInclude Include="..\..\inc\ciri\core\File.hpp">
      <Filter>inc</Filter>
    </ClInclude>
    <ClInclude Include="..\..\inc\ciri\core\Log.hpp">
      <Filter>inc</Filter>
    </ClInclude>
    <ClInclude Include="..\..\inc\ciri\core\PNG.hpp">
      <Filter>inc</Filter>
    </ClInclude>
    <ClInclude Include="..\..\inc\ciri\core\TGA.hpp">
      <Filter>inc</Filter>
    </ClInclude>
    <ClInclude Include="..\..\inc\ciri\core\win\Timer.hpp">
      <Filter>inc\win</Filter>
    </ClInclude>
  </ItemGroup>
  <ItemGroup>
    <ClCompile Include="..\..\src\ciri\core\File.cpp">
      <Filter>src</Filter>
    </ClCompile>
    <ClCompile Include="..\..\src\ciri\core\Log.cpp">
      <Filter>src</Filter>
    </ClCompile>
    <ClCompile Include="..\..\src\ciri\core\PNG.cpp">
      <Filter>src</Filter>
    </ClCompile>
    <ClCompile Include="..\..\src\ciri\core\TGA.cpp">
      <Filter>src</Filter>
    </ClCompile>
    <ClCompile Include="..\..\src\ciri\core\win\Timer.cpp">
      <Filter>src\win</Filter>
    </ClCompile>
  </ItemGroup>
</Project>