<?xml version="1.0" encoding="utf-8"?>
<Project ToolsVersion="4.0" xmlns="http://schemas.microsoft.com/developer/msbuild/2003">
  <ItemGroup>
    <Filter Include="inc">
      <UniqueIdentifier>{7667c120-32a1-492f-ab01-4bfa5c9c119f}</UniqueIdentifier>
    </Filter>
    <Filter Include="src">
      <UniqueIdentifier>{955b4102-a617-4da8-9bb5-8ce6d3e12f6f}</UniqueIdentifier>
    </Filter>
  </ItemGroup>
  <ItemGroup>
    <ClCompile Include="..\..\src\ciri\gfx\gl\gfx_gl_dummy.cpp">
      <Filter>src</Filter>
    </ClCompile>
    <ClCompile Include="..\..\inc\ciri\gfx\gl\GLBlendState.cpp">
      <Filter>inc</Filter>
    </ClCompile>
    <ClCompile Include="..\..\inc\ciri\gfx\gl\GLTextureCube.cpp">
      <Filter>inc</Filter>
    </ClCompile>
    <ClCompile Include="..\..\src\ciri\gfx\gl\GLConstantBuffer.cpp">
      <Filter>src</Filter>
    </ClCompile>
    <ClCompile Include="..\..\src\ciri\gfx\gl\GLDepthStencilState.cpp">
      <Filter>src</Filter>
    </ClCompile>
    <ClCompile Include="..\..\src\ciri\gfx\gl\GLGraphicsDevice.cpp">
      <Filter>src</Filter>
    </ClCompile>
    <ClCompile Include="..\..\src\ciri\gfx\gl\GLIndexBuffer.cpp">
      <Filter>src</Filter>
    </ClCompile>
    <ClCompile Include="..\..\src\ciri\gfx\gl\GLRasterizerState.cpp">
      <Filter>src</Filter>
    </ClCompile>
    <ClCompile Include="..\..\src\ciri\gfx\gl\GLRenderTarget2D.cpp">
      <Filter>src</Filter>
    </ClCompile>
    <ClCompile Include="..\..\src\ciri\gfx\gl\GLSamplerState.cpp">
      <Filter>src</Filter>
    </ClCompile>
    <ClCompile Include="..\..\src\ciri\gfx\gl\GLShader.cpp">
      <Filter>src</Filter>
    </ClCompile>
    <ClCompile Include="..\..\src\ciri\gfx\gl\GLTexture2D.cpp">
      <Filter>src</Filter>
    </ClCompile>
    <ClCompile Include="..\..\src\ciri\gfx\gl\GLVertexBuffer.cpp">
      <Filter>src</Filter>
    </ClCompile>
    <ClCompile Include="..\..\src\ciri\gfx\gl\GLVertexDeclaration.cpp">
      <Filter>src</Filter>
    </ClCompile>
  </ItemGroup>
  <ItemGroup>
    <ClInclude Include="..\..\inc\ciri\gfx\gl\CheckGLError.hpp">
      <Filter>inc</Filter>
    </ClInclude>
    <ClInclude Include="..\..\inc\ciri\gfx\gl\CiriToGl.hpp">
      <Filter>inc</Filter>
    </ClInclude>
    <ClInclude Include="..\..\inc\ciri\gfx\gl\GLBlendState.hpp">
      <Filter>inc</Filter>
    </ClInclude>
    <ClInclude Include="..\..\inc\ciri\gfx\gl\GLConstantBuffer.hpp">
      <Filter>inc</Filter>
    </ClInclude>
    <ClInclude Include="..\..\inc\ciri\gfx\gl\GLDepthStencilState.hpp">
      <Filter>inc</Filter>
    </ClInclude>
    <ClInclude Include="..\..\inc\ciri\gfx\gl\GLGraphicsDevice.hpp">
      <Filter>inc</Filter>
    </ClInclude>
    <ClInclude Include="..\..\inc\ciri\gfx\gl\GLIndexBuffer.hpp">
      <Filter>inc</Filter>
    </ClInclude>
    <ClInclude Include="..\..\inc\ciri\gfx\gl\GLRasterizerState.hpp">
      <Filter>inc</Filter>
    </ClInclude>
    <ClInclude Include="..\..\inc\ciri\gfx\gl\GLRenderTarget2D.hpp">
      <Filter>inc</Filter>
    </ClInclude>
    <ClInclude Include="..\..\inc\ciri\gfx\gl\GLSamplerState.hpp">
      <Filter>inc</Filter>
    </ClInclude>
    <ClInclude Include="..\..\inc\ciri\gfx\gl\GLShader.hpp">
      <Filter>inc</Filter>
    </ClInclude>
    <ClInclude Include="..\..\inc\ciri\gfx\gl\GLTexture2D.hpp">
      <Filter>inc</Filter>
    </ClInclude>
    <ClInclude Include="..\..\inc\ciri\gfx\gl\GLTextureCube.hpp">
      <Filter>inc</Filter>
    </ClInclude>
    <ClInclude Include="..\..\inc\ciri\gfx\gl\GLVertexBuffer.hpp">
      <Filter>inc</Filter>
    </ClInclude>
    <ClInclude Include="..\..\inc\ciri\gfx\gl\GLVertexDeclaration.hpp">
      <Filter>inc</Filter>
    </ClInclude>
  </ItemGroup>
</Project>