<?xml version="1.0" encoding="utf-8"?>
<Project ToolsVersion="4.0" xmlns="http://schemas.microsoft.com/developer/msbuild/2003">
  <ItemGroup>
    <Filter Include="inc">
      <UniqueIdentifier>{23a3d845-e944-4bd5-b12a-de897a4d116e}</UniqueIdentifier>
    </Filter>
    <Filter Include="src">
      <UniqueIdentifier>{70bfca23-ae97-4385-a847-2002c81db8a0}</UniqueIdentifier>
    </Filter>
    <Filter Include="inc\win">
      <UniqueIdentifier>{8608faf9-0b47-4422-b6ae-247d4f26db9f}</UniqueIdentifier>
    </Filter>
    <Filter Include="inc\win\msft">
      <UniqueIdentifier>{9b8c5e2c-233f-4415-a27f-bbb7b8c38c9a}</UniqueIdentifier>
    </Filter>
    <Filter Include="src\win">
      <UniqueIdentifier>{f74710aa-040b-4ff0-8e45-cecbf8a01b3f}</UniqueIdentifier>
    </Filter>
    <Filter Include="src\win\msft">
      <UniqueIdentifier>{76037c02-6cc2-4874-97cb-a62f990d3b4d}</UniqueIdentifier>
    </Filter>
  </ItemGroup>
  <ItemGroup>
    <ClInclude Include="..\..\inc\ciri\gfx\win\dx\msft\ScreenGrab.h">
      <Filter>inc\win\msft</Filter>
    </ClInclude>
    <ClInclude Include="..\..\inc\ciri\gfx\win\dx\CiriToDx.hpp">
      <Filter>inc\win</Filter>
    </ClInclude>
    <ClInclude Include="..\..\inc\ciri\gfx\win\dx\DXBlendState.hpp">
      <Filter>inc\win</Filter>
    </ClInclude>
    <ClInclude Include="..\..\inc\ciri\gfx\win\dx\DXConstantBuffer.hpp">
      <Filter>inc\win</Filter>
    </ClInclude>
    <ClInclude Include="..\..\inc\ciri\gfx\win\dx\DXDepthStencilState.hpp">
      <Filter>inc\win</Filter>
    </ClInclude>
    <ClInclude Include="..\..\inc\ciri\gfx\win\dx\DXGraphicsDevice.hpp">
      <Filter>inc\win</Filter>
    </ClInclude>
    <ClInclude Include="..\..\inc\ciri\gfx\win\dx\DXIndexBuffer.hpp">
      <Filter>inc\win</Filter>
    </ClInclude>
    <ClInclude Include="..\..\inc\ciri\gfx\win\dx\DXRasterizerState.hpp">
      <Filter>inc\win</Filter>
    </ClInclude>
    <ClInclude Include="..\..\inc\ciri\gfx\win\dx\DXRenderTarget2D.hpp">
      <Filter>inc\win</Filter>
    </ClInclude>
    <ClInclude Include="..\..\inc\ciri\gfx\win\dx\DXSamplerState.hpp">
      <Filter>inc\win</Filter>
    </ClInclude>
    <ClInclude Include="..\..\inc\ciri\gfx\win\dx\DXShader.hpp">
      <Filter>inc\win</Filter>
    </ClInclude>
    <ClInclude Include="..\..\inc\ciri\gfx\win\dx\DXTexture2D.hpp">
      <Filter>inc\win</Filter>
    </ClInclude>
    <ClInclude Include="..\..\inc\ciri\gfx\win\dx\DXTextureCube.hpp">
      <Filter>inc\win</Filter>
    </ClInclude>
    <ClInclude Include="..\..\inc\ciri\gfx\win\dx\DXVertexBuffer.hpp">
      <Filter>inc\win</Filter>
    </ClInclude>
    <ClInclude Include="..\..\inc\ciri\gfx\win\dx\DXVertexDeclaration.hpp">
      <Filter>inc\win</Filter>
    </ClInclude>
    <ClInclude Include="..\..\inc\ciri\gfx\Camera.hpp">
      <Filter>inc</Filter>
    </ClInclude>
    <ClInclude Include="..\..\inc\ciri\gfx\FPSCamera.hpp">
      <Filter>inc</Filter>
    </ClInclude>
    <ClInclude Include="..\..\inc\ciri\gfx\MayaCamera.hpp">
      <Filter>inc</Filter>
    </ClInclude>
    <ClInclude Include="..\..\inc\ciri\gfx\ObjModel.hpp">
      <Filter>inc</Filter>
    </ClInclude>
    <ClInclude Include="..\..\inc\ciri\gfx\Plane.hpp">
      <Filter>inc</Filter>
    </ClInclude>
    <ClInclude Include="..\..\inc\ciri\gfx\VertexDeclaration.hpp">
      <Filter>inc</Filter>
    </ClInclude>
    <ClInclude Include="..\..\inc\ciri\gfx\VertexElement.hpp">
      <Filter>inc</Filter>
    </ClInclude>
    <ClInclude Include="..\..\inc\ciri\gfx\Viewport.hpp">
      <Filter>inc</Filter>
    </ClInclude>
    <ClInclude Include="..\..\inc\ciri\gfx\win\dx\DXTexture3D.hpp">
      <Filter>inc\win</Filter>
    </ClInclude>
  </ItemGroup>
  <ItemGroup>
    <ClCompile Include="..\..\src\ciri\gfx\win\dx\msft\ScreenGrab.cpp">
      <Filter>src\win\msft</Filter>
    </ClCompile>
    <ClCompile Include="..\..\src\ciri\gfx\win\dx\DXBlendState.cpp">
      <Filter>src\win</Filter>
    </ClCompile>
    <ClCompile Include="..\..\src\ciri\gfx\win\dx\DXConstantBuffer.cpp">
      <Filter>src\win</Filter>
    </ClCompile>
    <ClCompile Include="..\..\src\ciri\gfx\win\dx\DXDepthStencilState.cpp">
      <Filter>src\win</Filter>
    </ClCompile>
    <ClCompile Include="..\..\src\ciri\gfx\win\dx\DXGraphicsDevice.cpp">
      <Filter>src\win</Filter>
    </ClCompile>
    <ClCompile Include="..\..\src\ciri\gfx\win\dx\DXIndexBuffer.cpp">
      <Filter>src\win</Filter>
    </ClCompile>
    <ClCompile Include="..\..\src\ciri\gfx\win\dx\DXRasterizerState.cpp">
      <Filter>src\win</Filter>
    </ClCompile>
    <ClCompile Include="..\..\src\ciri\gfx\win\dx\DXRenderTarget2D.cpp">
      <Filter>src\win</Filter>
    </ClCompile>
    <ClCompile Include="..\..\src\ciri\gfx\win\dx\DXSamplerState.cpp">
      <Filter>src\win</Filter>
    </ClCompile>
    <ClCompile Include="..\..\src\ciri\gfx\win\dx\DXShader.cpp">
      <Filter>src\win</Filter>
    </ClCompile>
    <ClCompile Include="..\..\src\ciri\gfx\win\dx\DXTexture2D.cpp">
      <Filter>src\win</Filter>
    </ClCompile>
    <ClCompile Include="..\..\src\ciri\gfx\win\dx\DXTextureCube.cpp">
      <Filter>src\win</Filter>
    </ClCompile>
    <ClCompile Include="..\..\src\ciri\gfx\win\dx\DXVertexBuffer.cpp">
      <Filter>src\win</Filter>
    </ClCompile>
    <ClCompile Include="..\..\src\ciri\gfx\win\dx\DXVertexDeclaration.cpp">
      <Filter>src\win</Filter>
    </ClCompile>
    <ClCompile Include="..\..\src\ciri\gfx\Camera.cpp">
      <Filter>src</Filter>
    </ClCompile>
    <ClCompile Include="..\..\src\ciri\gfx\FPSCamera.cpp">
      <Filter>src</Filter>
    </ClCompile>
    <ClCompile Include="..\..\src\ciri\gfx\MayaCamera.cpp">
      <Filter>src</Filter>
    </ClCompile>
    <ClCompile Include="..\..\src\ciri\gfx\ObjModel.cpp">
      <Filter>src</Filter>
    </ClCompile>
    <ClCompile Include="..\..\src\ciri\gfx\Plane.cpp">
      <Filter>src</Filter>
    </ClCompile>
    <ClCompile Include="..\..\src\ciri\gfx\VertexDeclaration.cpp">
      <Filter>src</Filter>
    </ClCompile>
    <ClCompile Include="..\..\src\ciri\gfx\VertexElement.cpp">
      <Filter>src</Filter>
    </ClCompile>
    <ClCompile Include="..\..\src\ciri\gfx\Viewport.cpp">
      <Filter>src</Filter>
    </ClCompile>
    <ClCompile Include="..\..\src\ciri\gfx\win\dx\DXTexture3D.cpp">
      <Filter>src\win</Filter>
    </ClCompile>
  </ItemGroup>
</Project>