<?xml version="1.0" encoding="utf-8"?>
<Project ToolsVersion="4.0" xmlns="http://schemas.microsoft.com/developer/msbuild/2003">
  <ItemGroup>
    <Filter Include="inc">
      <UniqueIdentifier>{e7300fe3-61ef-42c6-8e69-b527a3eefac4}</UniqueIdentifier>
    </Filter>
    <Filter Include="src">
      <UniqueIdentifier>{dbdb9995-b89f-4534-8717-783d64018d6f}</UniqueIdentifier>
    </Filter>
    <Filter Include="inc\win">
      <UniqueIdentifier>{a66fb2bc-69d1-45d8-9f8f-79064dfde195}</UniqueIdentifier>
    </Filter>
    <Filter Include="src\win">
      <UniqueIdentifier>{e5fead38-f965-4308-98b8-abd75e2c0972}</UniqueIdentifier>
    </Filter>
  </ItemGroup>
  <ItemGroup>
    <ClInclude Include="..\..\inc\ciri\wnd\win\Window.hpp">
      <Filter>inc\win</Filter>
    </ClInclude>
  </ItemGroup>
  <ItemGroup>
    <ClCompile Include="..\..\src\ciri\wnd\win\Window.cpp">
      <Filter>src\win</Filter>
    </ClCompile>
  </ItemGroup>
</Project>